Microsoft Visual Studio Solution File, Format Version 8.00
Project("{F184B08F-C81C-45F6-A57F-5ABD9991F28F}") = "Demo", "Demo.vbproj", "{9EC8C7D3-CA5C-46C9-9335-A564634A871B}"
	ProjectSection(ProjectDependencies) = postProject
	EndProjectSection
EndProject
Global
	GlobalSection(SolutionConfiguration) = preSolution
		Debug = Debug
		Release = Release
	EndGlobalSection
	GlobalSection(ProjectConfiguration) = postSolution
		{9EC8C7D3-CA5C-46C9-9335-A564634A871B}.Debug.ActiveCfg = Debug|.NET
		{9EC8C7D3-CA5C-46C9-9335-A564634A871B}.Debug.Build.0 = Debug|.NET
		{9EC8C7D3-CA5C-46C9-9335-A564634A871B}.Release.ActiveCfg = Release|.NET
		{9EC8C7D3-CA5C-46C9-9335-A564634A871B}.Release.Build.0 = Release|.NET
	EndGlobalSection
	GlobalSection(SolutionItems) = postSolution
		readme.txt = readme.txt
	EndGlobalSection
	GlobalSection(ExtensibilityGlobals) = postSolution
	EndGlobalSection
	GlobalSection(ExtensibilityAddIns) = postSolution
	EndGlobalSection
EndGlobal
